
Microsoft Visual Studio Solution File, Format Version 12.00
# Visual Studio Version 16
VisualStudioVersion = 16.0.29318.209
MinimumVisualStudioVersion = 10.0.40219.1
Project("{FAE04EC0-301F-11D3-BF4B-00C04F79EFBC}") = "APBills", "APBills\APBills.csproj", "{CFBAA017-B765-4E72-8EBC-4AB2892E87FC}"
EndProject
Global
	GlobalSection(SolutionConfigurationPlatforms) = preSolution
		Debug|Any CPU = Debug|Any CPU
		Release|Any CPU = Release|Any CPU
	EndGlobalSection
	GlobalSection(ProjectConfigurationPlatforms) = postSolution
		{CFBAA017-B765-4E72-8EBC-4AB2892E87FC}.Debug|Any CPU.ActiveCfg = Debug|Any CPU
		{CFBAA017-B765-4E72-8EBC-4AB2892E87FC}.Debug|Any CPU.Build.0 = Debug|Any CPU
		{CFBAA017-B765-4E72-8EBC-4AB2892E87FC}.Release|Any CPU.ActiveCfg = Release|Any CPU
		{CFBAA017-B765-4E72-8EBC-4AB2892E87FC}.Release|Any CPU.Build.0 = Release|Any CPU
	EndGlobalSection
	GlobalSection(SolutionProperties) = preSolution
		HideSolutionNode = FALSE
	EndGlobalSection
	GlobalSection(ExtensibilityGlobals) = postSolution
		SolutionGuid = {5AA5019D-BB7C-4741-A89C-BD8391F4F67F}
	EndGlobalSection
EndGlobal
